
Microsoft Visual Studio Solution File, Format Version 12.00
# Visual Studio 15
VisualStudioVersion = 15.0.28307.329
MinimumVisualStudioVersion = 10.0.40219.1
Project("{9A19103F-16F7-4668-BE54-9A1E7A4F7556}") = "TostiFrontEnd", "TostiFrontEnd\TostiFrontEnd.csproj", "{51E92756-6655-4B7E-8B5C-FEE34A1A6D5C}"
EndProject
Project("{9A19103F-16F7-4668-BE54-9A1E7A4F7556}") = "TostiBackEnd", "TostiBackEnd\TostiBackEnd.csproj", "{94816D59-C7B0-440A-8744-24FE647B6417}"
EndProject
Project("{9A19103F-16F7-4668-BE54-9A1E7A4F7556}") = "TostiBusinessEntities", "TostiBusinessEntities\TostiBusinessEntities.csproj", "{84031409-F3D6-45F4-8E11-685859137C61}"
EndProject
Project("{2150E333-8FDC-42A3-9474-1A3956D46DE8}") = "SQL", "SQL", "{BCF620BE-F5D3-48BB-B573-2B789206E7B7}"
	ProjectSection(SolutionItems) = preProject
		SQL\CreateUser.sql = SQL\CreateUser.sql
	EndProjectSection
EndProject
Project("{E53339B2-1760-4266-BCC7-CA923CBCF16C}") = "docker-compose", "docker-compose.dcproj", "{2E5A2200-C438-4843-88F7-0ECCAC921257}"
EndProject
Global
	GlobalSection(SolutionConfigurationPlatforms) = preSolution
		Debug|Any CPU = Debug|Any CPU
		Release|Any CPU = Release|Any CPU
	EndGlobalSection
	GlobalSection(ProjectConfigurationPlatforms) = postSolution
		{51E92756-6655-4B7E-8B5C-FEE34A1A6D5C}.Debug|Any CPU.ActiveCfg = Debug|Any CPU
		{51E92756-6655-4B7E-8B5C-FEE34A1A6D5C}.Debug|Any CPU.Build.0 = Debug|Any CPU
		{51E92756-6655-4B7E-8B5C-FEE34A1A6D5C}.Release|Any CPU.ActiveCfg = Release|Any CPU
		{51E92756-6655-4B7E-8B5C-FEE34A1A6D5C}.Release|Any CPU.Build.0 = Release|Any CPU
		{94816D59-C7B0-440A-8744-24FE647B6417}.Debug|Any CPU.ActiveCfg = Debug|Any CPU
		{94816D59-C7B0-440A-8744-24FE647B6417}.Debug|Any CPU.Build.0 = Debug|Any CPU
		{94816D59-C7B0-440A-8744-24FE647B6417}.Release|Any CPU.ActiveCfg = Release|Any CPU
		{94816D59-C7B0-440A-8744-24FE647B6417}.Release|Any CPU.Build.0 = Release|Any CPU
		{84031409-F3D6-45F4-8E11-685859137C61}.Debug|Any CPU.ActiveCfg = Debug|Any CPU
		{84031409-F3D6-45F4-8E11-685859137C61}.Debug|Any CPU.Build.0 = Debug|Any CPU
		{84031409-F3D6-45F4-8E11-685859137C61}.Release|Any CPU.ActiveCfg = Release|Any CPU
		{84031409-F3D6-45F4-8E11-685859137C61}.Release|Any CPU.Build.0 = Release|Any CPU
		{2E5A2200-C438-4843-88F7-0ECCAC921257}.Debug|Any CPU.ActiveCfg = Debug|Any CPU
		{2E5A2200-C438-4843-88F7-0ECCAC921257}.Debug|Any CPU.Build.0 = Debug|Any CPU
		{2E5A2200-C438-4843-88F7-0ECCAC921257}.Release|Any CPU.ActiveCfg = Release|Any CPU
		{2E5A2200-C438-4843-88F7-0ECCAC921257}.Release|Any CPU.Build.0 = Release|Any CPU
	EndGlobalSection
	GlobalSection(SolutionProperties) = preSolution
		HideSolutionNode = FALSE
	EndGlobalSection
	GlobalSection(ExtensibilityGlobals) = postSolution
		SolutionGuid = {BA9DB96E-8924-407D-9829-9C80EDD8ED3D}
	EndGlobalSection
EndGlobal
